
Microsoft Visual Studio Solution File, Format Version 12.00
# Visual Studio Version 16
VisualStudioVersion = 16.0.30517.126
MinimumVisualStudioVersion = 10.0.40219.1
Project("{FAE04EC0-301F-11D3-BF4B-00C04F79EFBC}") = "DevDistributedFinal", "DevDistributedFinal\DevDistributedFinal.csproj", "{EDB0EA9F-32C5-4B38-9EB5-2C36FEBEF7EB}"
EndProject
Global
	GlobalSection(SolutionConfigurationPlatforms) = preSolution
		Debug|Any CPU = Debug|Any CPU
		Release|Any CPU = Release|Any CPU
	EndGlobalSection
	GlobalSection(ProjectConfigurationPlatforms) = postSolution
		{EDB0EA9F-32C5-4B38-9EB5-2C36FEBEF7EB}.Debug|Any CPU.ActiveCfg = Debug|Any CPU
		{EDB0EA9F-32C5-4B38-9EB5-2C36FEBEF7EB}.Debug|Any CPU.Build.0 = Debug|Any CPU
		{EDB0EA9F-32C5-4B38-9EB5-2C36FEBEF7EB}.Release|Any CPU.ActiveCfg = Release|Any CPU
		{EDB0EA9F-32C5-4B38-9EB5-2C36FEBEF7EB}.Release|Any CPU.Build.0 = Release|Any CPU
	EndGlobalSection
	GlobalSection(SolutionProperties) = preSolution
		HideSolutionNode = FALSE
	EndGlobalSection
	GlobalSection(ExtensibilityGlobals) = postSolution
		SolutionGuid = {E08DB549-EE97-4DAB-8E5E-A2959D875D11}
	EndGlobalSection
EndGlobal
